
Microsoft Visual Studio Solution File, Format Version 12.00
# Visual Studio Version 17
VisualStudioVersion = 17.4.33403.182
MinimumVisualStudioVersion = 10.0.40219.1
Project("{FAE04EC0-301F-11D3-BF4B-00C04F79EFBC}") = "Poprygenok", "Poprygenok\Poprygenok.csproj", "{2DB14124-AFE8-4F5D-88F0-2370DE4CCDDB}"
EndProject
Global
	GlobalSection(SolutionConfigurationPlatforms) = preSolution
		Debug|Any CPU = Debug|Any CPU
		Release|Any CPU = Release|Any CPU
	EndGlobalSection
	GlobalSection(ProjectConfigurationPlatforms) = postSolution
		{2DB14124-AFE8-4F5D-88F0-2370DE4CCDDB}.Debug|Any CPU.ActiveCfg = Debug|Any CPU
		{2DB14124-AFE8-4F5D-88F0-2370DE4CCDDB}.Debug|Any CPU.Build.0 = Debug|Any CPU
		{2DB14124-AFE8-4F5D-88F0-2370DE4CCDDB}.Release|Any CPU.ActiveCfg = Release|Any CPU
		{2DB14124-AFE8-4F5D-88F0-2370DE4CCDDB}.Release|Any CPU.Build.0 = Release|Any CPU
	EndGlobalSection
	GlobalSection(SolutionProperties) = preSolution
		HideSolutionNode = FALSE
	EndGlobalSection
	GlobalSection(ExtensibilityGlobals) = postSolution
		SolutionGuid = {62D68E2D-3B82-497C-BE93-3A086A07496D}
	EndGlobalSection
EndGlobal
